
Microsoft Visual Studio Solution File, Format Version 12.00
# Visual Studio Version 17
VisualStudioVersion = 17.5.33424.131
MinimumVisualStudioVersion = 10.0.40219.1
Project("{FAE04EC0-301F-11D3-BF4B-00C04F79EFBC}") = "Generator", "Generator\Generator.csproj", "{BEA91F28-45C9-4110-A245-E46FC191F4E8}"
EndProject
Project("{FAE04EC0-301F-11D3-BF4B-00C04F79EFBC}") = "BLL", "BLL-Lib\BLL.csproj", "{FE6ADF2F-A82D-4EEA-998A-02B70AAB69BD}"
EndProject
Global
	GlobalSection(SolutionConfigurationPlatforms) = preSolution
		Debug|Any CPU = Debug|Any CPU
		Release|Any CPU = Release|Any CPU
	EndGlobalSection
	GlobalSection(ProjectConfigurationPlatforms) = postSolution
		{BEA91F28-45C9-4110-A245-E46FC191F4E8}.Debug|Any CPU.ActiveCfg = Debug|Any CPU
		{BEA91F28-45C9-4110-A245-E46FC191F4E8}.Debug|Any CPU.Build.0 = Debug|Any CPU
		{BEA91F28-45C9-4110-A245-E46FC191F4E8}.Release|Any CPU.ActiveCfg = Release|Any CPU
		{BEA91F28-45C9-4110-A245-E46FC191F4E8}.Release|Any CPU.Build.0 = Release|Any CPU
		{FE6ADF2F-A82D-4EEA-998A-02B70AAB69BD}.Debug|Any CPU.ActiveCfg = Debug|Any CPU
		{FE6ADF2F-A82D-4EEA-998A-02B70AAB69BD}.Debug|Any CPU.Build.0 = Debug|Any CPU
		{FE6ADF2F-A82D-4EEA-998A-02B70AAB69BD}.Release|Any CPU.ActiveCfg = Release|Any CPU
		{FE6ADF2F-A82D-4EEA-998A-02B70AAB69BD}.Release|Any CPU.Build.0 = Release|Any CPU
	EndGlobalSection
	GlobalSection(SolutionProperties) = preSolution
		HideSolutionNode = FALSE
	EndGlobalSection
	GlobalSection(ExtensibilityGlobals) = postSolution
		SolutionGuid = {F160FABF-CEA4-4409-8AB6-6292B885FCA6}
	EndGlobalSection
EndGlobal
